dependencies:
- name: hasura
  repository: https://hasura-extra.github.io/hasura-extra
  version: 2.1.2
- name: postgresql
  repository: https://charts.bitnami.com/bitnami
  version: 10.13.7
digest: sha256:0f253a66ea20eb83b85b63f547c70cccc2749f9f215a408c9d4f9131a203ea31
generated: "2021-11-18T15:26:15.321320379+07:00"
