dependencies:
- name: hasura
  repository: https://hasura-extra.github.io/hasura-extra
  version: 2.1.2
- name: postgresql
  repository: https://charts.bitnami.com/bitnami
  version: 10.13.8
digest: sha256:bbd3eb76ac2ecd4eb1e53bb433f35dbf2c6d9f7b1668586dea8e9a883fcda884
generated: "2021-11-25T12:17:25.043761193+07:00"
